// !$*UTF8*$!
{
	archiveVersion = 1;
	classes = {
	};
	objectVersion = 50;
	objects = {

/* Begin PBXBuildFile section */
		0952E26426EFC1760083BEAD /* TwinkleTwinkle.swift in Sources */ = {isa = PBXBuildFile; fileRef = 0952E26326EFC1760083BEAD /* TwinkleTwinkle.swift */; };
		8982951E26EEBB4600B75BFE /* AppDelegate.swift in Sources */ = {isa = PBXBuildFile; fileRef = 8982951D26EEBB4600B75BFE /* AppDelegate.swift */; };
		8982952426EEBB4600B75BFE /* GameScene.swift in Sources */ = {isa = PBXBuildFile; fileRef = 8982952326EEBB4600B75BFE /* GameScene.swift */; };
		8982952626EEBB4600B75BFE /* GameViewController.swift in Sources */ = {isa = PBXBuildFile; fileRef = 8982952526EEBB4600B75BFE /* GameViewController.swift */; };
		8982952926EEBB4600B75BFE /* Main.storyboard in Resources */ = {isa = PBXBuildFile; fileRef = 8982952726EEBB4600B75BFE /* Main.storyboard */; };
		8982952B26EEBB4800B75BFE /* Assets.xcassets in Resources */ = {isa = PBXBuildFile; fileRef = 8982952A26EEBB4800B75BFE /* Assets.xcassets */; };
		8982953626EEBB5500B75BFE /* Ground.swift in Sources */ = {isa = PBXBuildFile; fileRef = 8982953326EEBB5500B75BFE /* Ground.swift */; };
		8982953726EEBB5500B75BFE /* Platform.swift in Sources */ = {isa = PBXBuildFile; fileRef = 8982953426EEBB5500B75BFE /* Platform.swift */; };
		8982953826EEBB5500B75BFE /* Player.swift in Sources */ = {isa = PBXBuildFile; fileRef = 8982953526EEBB5500B75BFE /* Player.swift */; };
		8982953B26EEBB6B00B75BFE /* NodeNames.swift in Sources */ = {isa = PBXBuildFile; fileRef = 8982953A26EEBB6B00B75BFE /* NodeNames.swift */; };
		8982953D26EEBBA900B75BFE /* Bitmasks.swift in Sources */ = {isa = PBXBuildFile; fileRef = 8982953C26EEBBA900B75BFE /* Bitmasks.swift */; };
		8982954026EEBE9500B75BFE /* MainMenu.swift in Sources */ = {isa = PBXBuildFile; fileRef = 8982953F26EEBE9500B75BFE /* MainMenu.swift */; };
		8982954326EEBF4800B75BFE /* Button.swift in Sources */ = {isa = PBXBuildFile; fileRef = 8982954226EEBF4800B75BFE /* Button.swift */; };
		8982954526EEBFA500B75BFE /* Manager.swift in Sources */ = {isa = PBXBuildFile; fileRef = 8982954426EEBFA500B75BFE /* Manager.swift */; };
		8982954A26EEBFEA00B75BFE /* Extensions.swift in Sources */ = {isa = PBXBuildFile; fileRef = 8982954926EEBFEA00B75BFE /* Extensions.swift */; };
		8982954F26EECB0000B75BFE /* DataManager.swift in Sources */ = {isa = PBXBuildFile; fileRef = 8982954E26EECB0000B75BFE /* DataManager.swift */; };
		8982955126EECB4300B75BFE /* Notes.swift in Sources */ = {isa = PBXBuildFile; fileRef = 8982955026EECB4300B75BFE /* Notes.swift */; };
		8982955326EECCD800B75BFE /* Score.swift in Sources */ = {isa = PBXBuildFile; fileRef = 8982955226EECCD800B75BFE /* Score.swift */; };
		89BD002726EFB1DD00D77CDB /* C.wav in Resources */ = {isa = PBXBuildFile; fileRef = 89BD002026EFB1DC00D77CDB /* C.wav */; };
		89BD002826EFB1DD00D77CDB /* D.wav in Resources */ = {isa = PBXBuildFile; fileRef = 89BD002126EFB1DD00D77CDB /* D.wav */; };
		89BD002926EFB1DD00D77CDB /* F.wav in Resources */ = {isa = PBXBuildFile; fileRef = 89BD002226EFB1DD00D77CDB /* F.wav */; };
		89BD002A26EFB1DD00D77CDB /* G.wav in Resources */ = {isa = PBXBuildFile; fileRef = 89BD002326EFB1DD00D77CDB /* G.wav */; };
		89BD002B26EFB1DD00D77CDB /* A.wav in Resources */ = {isa = PBXBuildFile; fileRef = 89BD002426EFB1DD00D77CDB /* A.wav */; };
		89BD002C26EFB1DD00D77CDB /* B.wav in Resources */ = {isa = PBXBuildFile; fileRef = 89BD002526EFB1DD00D77CDB /* B.wav */; };
		89BD002D26EFB1DD00D77CDB /* E.wav in Resources */ = {isa = PBXBuildFile; fileRef = 89BD002626EFB1DD00D77CDB /* E.wav */; };
/* End PBXBuildFile section */

/* Begin PBXFileReference section */
		0952E26326EFC1760083BEAD /* TwinkleTwinkle.swift */ = {isa = PBXFileReference; lastKnownFileType = sourcecode.swift; path = TwinkleTwinkle.swift; sourceTree = "<group>"; };
		8982951A26EEBB4600B75BFE /* XyloSoundTest.app */ = {isa = PBXFileReference; explicitFileType = wrapper.application; includeInIndex = 0; path = XyloSoundTest.app; sourceTree = BUILT_PRODUCTS_DIR; };
		8982951D26EEBB4600B75BFE /* AppDelegate.swift */ = {isa = PBXFileReference; lastKnownFileType = sourcecode.swift; path = AppDelegate.swift; sourceTree = "<group>"; };
		8982952326EEBB4600B75BFE /* GameScene.swift */ = {isa = PBXFileReference; lastKnownFileType = sourcecode.swift; path = GameScene.swift; sourceTree = "<group>"; };
		8982952526EEBB4600B75BFE /* GameViewController.swift */ = {isa = PBXFileReference; lastKnownFileType = sourcecode.swift; path = GameViewController.swift; sourceTree = "<group>"; };
		8982952826EEBB4600B75BFE /* Base */ = {isa = PBXFileReference; lastKnownFileType = file.storyboard; name = Base; path = Base.lproj/Main.storyboard; sourceTree = "<group>"; };
		8982952A26EEBB4800B75BFE /* Assets.xcassets */ = {isa = PBXFileReference; lastKnownFileType = folder.assetcatalog; path = Assets.xcassets; sourceTree = "<group>"; };
		8982952C26EEBB4800B75BFE /* Info.plist */ = {isa = PBXFileReference; lastKnownFileType = text.plist.xml; path = Info.plist; sourceTree = "<group>"; };
		8982953326EEBB5500B75BFE /* Ground.swift */ = {isa = PBXFileReference; fileEncoding = 4; lastKnownFileType = sourcecode.swift; path = Ground.swift; sourceTree = "<group>"; };
		8982953426EEBB5500B75BFE /* Platform.swift */ = {isa = PBXFileReference; fileEncoding = 4; lastKnownFileType = sourcecode.swift; path = Platform.swift; sourceTree = "<group>"; };
		8982953526EEBB5500B75BFE /* Player.swift */ = {isa = PBXFileReference; fileEncoding = 4; lastKnownFileType = sourcecode.swift; path = Player.swift; sourceTree = "<group>"; };
		8982953A26EEBB6B00B75BFE /* NodeNames.swift */ = {isa = PBXFileReference; lastKnownFileType = sourcecode.swift; path = NodeNames.swift; sourceTree = "<group>"; };
		8982953C26EEBBA900B75BFE /* Bitmasks.swift */ = {isa = PBXFileReference; lastKnownFileType = sourcecode.swift; path = Bitmasks.swift; sourceTree = "<group>"; };
		8982953F26EEBE9500B75BFE /* MainMenu.swift */ = {isa = PBXFileReference; lastKnownFileType = sourcecode.swift; path = MainMenu.swift; sourceTree = "<group>"; };
		8982954226EEBF4800B75BFE /* Button.swift */ = {isa = PBXFileReference; lastKnownFileType = sourcecode.swift; path = Button.swift; sourceTree = "<group>"; };
		8982954426EEBFA500B75BFE /* Manager.swift */ = {isa = PBXFileReference; lastKnownFileType = sourcecode.swift; path = Manager.swift; sourceTree = "<group>"; };
		8982954926EEBFEA00B75BFE /* Extensions.swift */ = {isa = PBXFileReference; lastKnownFileType = sourcecode.swift; path = Extensions.swift; sourceTree = "<group>"; };
		8982954E26EECB0000B75BFE /* DataManager.swift */ = {isa = PBXFileReference; lastKnownFileType = sourcecode.swift; path = DataManager.swift; sourceTree = "<group>"; };
		8982955026EECB4300B75BFE /* Notes.swift */ = {isa = PBXFileReference; lastKnownFileType = sourcecode.swift; path = Notes.swift; sourceTree = "<group>"; };
		8982955226EECCD800B75BFE /* Score.swift */ = {isa = PBXFileReference; lastKnownFileType = sourcecode.swift; path = Score.swift; sourceTree = "<group>"; };
		89BD002026EFB1DC00D77CDB /* C.wav */ = {isa = PBXFileReference; lastKnownFileType = audio.wav; path = C.wav; sourceTree = "<group>"; };
		89BD002126EFB1DD00D77CDB /* D.wav */ = {isa = PBXFileReference; lastKnownFileType = audio.wav; path = D.wav; sourceTree = "<group>"; };
		89BD002226EFB1DD00D77CDB /* F.wav */ = {isa = PBXFileReference; lastKnownFileType = audio.wav; path = F.wav; sourceTree = "<group>"; };
		89BD002326EFB1DD00D77CDB /* G.wav */ = {isa = PBXFileReference; lastKnownFileType = audio.wav; path = G.wav; sourceTree = "<group>"; };
		89BD002426EFB1DD00D77CDB /* A.wav */ = {isa = PBXFileReference; lastKnownFileType = audio.wav; path = A.wav; sourceTree = "<group>"; };
		89BD002526EFB1DD00D77CDB /* B.wav */ = {isa = PBXFileReference; lastKnownFileType = audio.wav; path = B.wav; sourceTree = "<group>"; };
		89BD002626EFB1DD00D77CDB /* E.wav */ = {isa = PBXFileReference; lastKnownFileType = audio.wav; path = E.wav; sourceTree = "<group>"; };
/* End PBXFileReference section */

/* Begin PBXFrameworksBuildPhase section */
		8982951726EEBB4600B75BFE /* Frameworks */ = {
			isa = PBXFrameworksBuildPhase;
			buildActionMask = 2147483647;
			files = (
			);
			runOnlyForDeploymentPostprocessing = 0;
		};
/* End PBXFrameworksBuildPhase section */

/* Begin PBXGroup section */
		0952E26526EFC1810083BEAD /* Songs */ = {
			isa = PBXGroup;
			children = (
				0952E26326EFC1760083BEAD /* TwinkleTwinkle.swift */,
			);
			path = Songs;
			sourceTree = "<group>";
		};
		8982951126EEBB4600B75BFE = {
			isa = PBXGroup;
			children = (
				8982951C26EEBB4600B75BFE /* XyloSoundTest */,
				8982951B26EEBB4600B75BFE /* Products */,
			);
			sourceTree = "<group>";
		};
		8982951B26EEBB4600B75BFE /* Products */ = {
			isa = PBXGroup;
			children = (
				8982951A26EEBB4600B75BFE /* XyloSoundTest.app */,
			);
			name = Products;
			sourceTree = "<group>";
		};
		8982951C26EEBB4600B75BFE /* XyloSoundTest */ = {
			isa = PBXGroup;
			children = (
				8982954D26EECAF500B75BFE /* Data */,
				8982954626EEBFB500B75BFE /* MusicNotes */,
				8982954126EEBF3300B75BFE /* Components */,
				8982953E26EEBE8600B75BFE /* Views */,
				8982953926EEBB6200B75BFE /* Shared */,
				8982953226EEBB5500B75BFE /* Nodes */,
				8982954426EEBFA500B75BFE /* Manager.swift */,
				8982954926EEBFEA00B75BFE /* Extensions.swift */,
				8982951D26EEBB4600B75BFE /* AppDelegate.swift */,
				8982952526EEBB4600B75BFE /* GameViewController.swift */,
				8982952726EEBB4600B75BFE /* Main.storyboard */,
				8982952A26EEBB4800B75BFE /* Assets.xcassets */,
				8982952C26EEBB4800B75BFE /* Info.plist */,
			);
			path = XyloSoundTest;
			sourceTree = "<group>";
		};
		8982953226EEBB5500B75BFE /* Nodes */ = {
			isa = PBXGroup;
			children = (
				8982953326EEBB5500B75BFE /* Ground.swift */,
				8982953426EEBB5500B75BFE /* Platform.swift */,
				8982953526EEBB5500B75BFE /* Player.swift */,
			);
			path = Nodes;
			sourceTree = "<group>";
		};
		8982953926EEBB6200B75BFE /* Shared */ = {
			isa = PBXGroup;
			children = (
				8982953A26EEBB6B00B75BFE /* NodeNames.swift */,
				8982953C26EEBBA900B75BFE /* Bitmasks.swift */,
				8982955226EECCD800B75BFE /* Score.swift */,
			);
			path = Shared;
			sourceTree = "<group>";
		};
		8982953E26EEBE8600B75BFE /* Views */ = {
			isa = PBXGroup;
			children = (
				8982952326EEBB4600B75BFE /* GameScene.swift */,
				8982953F26EEBE9500B75BFE /* MainMenu.swift */,
			);
			path = Views;
			sourceTree = "<group>";
		};
		8982954126EEBF3300B75BFE /* Components */ = {
			isa = PBXGroup;
			children = (
				8982954226EEBF4800B75BFE /* Button.swift */,
			);
			path = Components;
			sourceTree = "<group>";
		};
		8982954626EEBFB500B75BFE /* MusicNotes */ = {
			isa = PBXGroup;
			children = (
				0952E26526EFC1810083BEAD /* Songs */,
				89D305D826EF075D00445893 /* Files */,
				8982955026EECB4300B75BFE /* Notes.swift */,
			);
			path = MusicNotes;
			sourceTree = "<group>";
		};
		8982954D26EECAF500B75BFE /* Data */ = {
			isa = PBXGroup;
			children = (
				8982954E26EECB0000B75BFE /* DataManager.swift */,
			);
			path = Data;
			sourceTree = "<group>";
		};
		89D305D826EF075D00445893 /* Files */ = {
			isa = PBXGroup;
			children = (
				89BD002426EFB1DD00D77CDB /* A.wav */,
				89BD002526EFB1DD00D77CDB /* B.wav */,
				89BD002026EFB1DC00D77CDB /* C.wav */,
				89BD002126EFB1DD00D77CDB /* D.wav */,
				89BD002626EFB1DD00D77CDB /* E.wav */,
				89BD002226EFB1DD00D77CDB /* F.wav */,
				89BD002326EFB1DD00D77CDB /* G.wav */,
			);
			path = Files;
			sourceTree = "<group>";
		};
/* End PBXGroup section */

/* Begin PBXNativeTarget section */
		8982951926EEBB4600B75BFE /* XyloSoundTest */ = {
			isa = PBXNativeTarget;
			buildConfigurationList = 8982952F26EEBB4800B75BFE /* Build configuration list for PBXNativeTarget "XyloSoundTest" */;
			buildPhases = (
				8982951626EEBB4600B75BFE /* Sources */,
				8982951726EEBB4600B75BFE /* Frameworks */,
				8982951826EEBB4600B75BFE /* Resources */,
			);
			buildRules = (
			);
			dependencies = (
			);
			name = XyloSoundTest;
			productName = XyloSoundTest;
			productReference = 8982951A26EEBB4600B75BFE /* XyloSoundTest.app */;
			productType = "com.apple.product-type.application";
		};
/* End PBXNativeTarget section */

/* Begin PBXProject section */
		8982951226EEBB4600B75BFE /* Project object */ = {
			isa = PBXProject;
			attributes = {
				LastSwiftUpdateCheck = 1250;
				LastUpgradeCheck = 1250;
				TargetAttributes = {
					8982951926EEBB4600B75BFE = {
						CreatedOnToolsVersion = 12.5.1;
					};
				};
			};
			buildConfigurationList = 8982951526EEBB4600B75BFE /* Build configuration list for PBXProject "XyloSoundTest" */;
			compatibilityVersion = "Xcode 9.3";
			developmentRegion = en;
			hasScannedForEncodings = 0;
			knownRegions = (
				en,
				Base,
			);
			mainGroup = 8982951126EEBB4600B75BFE;
			productRefGroup = 8982951B26EEBB4600B75BFE /* Products */;
			projectDirPath = "";
			projectRoot = "";
			targets = (
				8982951926EEBB4600B75BFE /* XyloSoundTest */,
			);
		};
/* End PBXProject section */

/* Begin PBXResourcesBuildPhase section */
		8982951826EEBB4600B75BFE /* Resources */ = {
			isa = PBXResourcesBuildPhase;
			buildActionMask = 2147483647;
			files = (
				89BD002B26EFB1DD00D77CDB /* A.wav in Resources */,
				89BD002A26EFB1DD00D77CDB /* G.wav in Resources */,
				89BD002726EFB1DD00D77CDB /* C.wav in Resources */,
				89BD002C26EFB1DD00D77CDB /* B.wav in Resources */,
				89BD002826EFB1DD00D77CDB /* D.wav in Resources */,
				8982952926EEBB4600B75BFE /* Main.storyboard in Resources */,
				89BD002D26EFB1DD00D77CDB /* E.wav in Resources */,
				89BD002926EFB1DD00D77CDB /* F.wav in Resources */,
				8982952B26EEBB4800B75BFE /* Assets.xcassets in Resources */,
			);
			runOnlyForDeploymentPostprocessing = 0;
		};
/* End PBXResourcesBuildPhase section */

/* Begin PBXSourcesBuildPhase section */
		8982951626EEBB4600B75BFE /* Sources */ = {
			isa = PBXSourcesBuildPhase;
			buildActionMask = 2147483647;
			files = (
				8982953726EEBB5500B75BFE /* Platform.swift in Sources */,
				8982954026EEBE9500B75BFE /* MainMenu.swift in Sources */,
				8982953B26EEBB6B00B75BFE /* NodeNames.swift in Sources */,
				8982954F26EECB0000B75BFE /* DataManager.swift in Sources */,
				8982952426EEBB4600B75BFE /* GameScene.swift in Sources */,
				0952E26426EFC1760083BEAD /* TwinkleTwinkle.swift in Sources */,
				8982952626EEBB4600B75BFE /* GameViewController.swift in Sources */,
				8982954326EEBF4800B75BFE /* Button.swift in Sources */,
				8982955326EECCD800B75BFE /* Score.swift in Sources */,
				8982953626EEBB5500B75BFE /* Ground.swift in Sources */,
				8982954A26EEBFEA00B75BFE /* Extensions.swift in Sources */,
				8982953826EEBB5500B75BFE /* Player.swift in Sources */,
				8982955126EECB4300B75BFE /* Notes.swift in Sources */,
				8982954526EEBFA500B75BFE /* Manager.swift in Sources */,
				8982951E26EEBB4600B75BFE /* AppDelegate.swift in Sources */,
				8982953D26EEBBA900B75BFE /* Bitmasks.swift in Sources */,
			);
			runOnlyForDeploymentPostprocessing = 0;
		};
/* End PBXSourcesBuildPhase section */

/* Begin PBXVariantGroup section */
		8982952726EEBB4600B75BFE /* Main.storyboard */ = {
			isa = PBXVariantGroup;
			children = (
				8982952826EEBB4600B75BFE /* Base */,
			);
			name = Main.storyboard;
			sourceTree = "<group>";
		};
/* End PBXVariantGroup section */

/* Begin XCBuildConfiguration section */
		8982952D26EEBB4800B75BFE /* Debug */ = {
			isa = XCBuildConfiguration;
			buildSettings = {
				ALWAYS_SEARCH_USER_PATHS = NO;
				CLANG_ANALYZER_NONNULL = YES;
				CLANG_ANALYZER_NUMBER_OBJECT_CONVERSION = YES_AGGRESSIVE;
				CLANG_CXX_LANGUAGE_STANDARD = "gnu++14";
				CLANG_CXX_LIBRARY = "libc++";
				CLANG_ENABLE_MODULES = YES;
				CLANG_ENABLE_OBJC_ARC = YES;
				CLANG_ENABLE_OBJC_WEAK = YES;
				CLANG_WARN_BLOCK_CAPTURE_AUTORELEASING = YES;
				CLANG_WARN_BOOL_CONVERSION = YES;
				CLANG_WARN_COMMA = YES;
				CLANG_WARN_CONSTANT_CONVERSION = YES;
				CLANG_WARN_DEPRECATED_OBJC_IMPLEMENTATIONS = YES;
				CLANG_WARN_DIRECT_OBJC_ISA_USAGE = YES_ERROR;
				CLANG_WARN_DOCUMENTATION_COMMENTS = YES;
				CLANG_WARN_EMPTY_BODY = YES;
				CLANG_WARN_ENUM_CONVERSION = YES;
				CLANG_WARN_INFINITE_RECURSION = YES;
				CLANG_WARN_INT_CONVERSION = YES;
				CLANG_WARN_NON_LITERAL_NULL_CONVERSION = YES;
				CLANG_WARN_OBJC_IMPLICIT_RETAIN_SELF = YES;
				CLANG_WARN_OBJC_LITERAL_CONVERSION = YES;
				CLANG_WARN_OBJC_ROOT_CLASS = YES_ERROR;
				CLANG_WARN_QUOTED_INCLUDE_IN_FRAMEWORK_HEADER = YES;
				CLANG_WARN_RANGE_LOOP_ANALYSIS = YES;
				CLANG_WARN_STRICT_PROTOTYPES = YES;
				CLANG_WARN_SUSPICIOUS_MOVE = YES;
				CLANG_WARN_UNGUARDED_AVAILABILITY = YES_AGGRESSIVE;
				CLANG_WARN_UNREACHABLE_CODE = YES;
				CLANG_WARN__DUPLICATE_METHOD_MATCH = YES;
				COPY_PHASE_STRIP = NO;
				DEBUG_INFORMATION_FORMAT = dwarf;
				ENABLE_STRICT_OBJC_MSGSEND = YES;
				ENABLE_TESTABILITY = YES;
				GCC_C_LANGUAGE_STANDARD = gnu11;
				GCC_DYNAMIC_NO_PIC = NO;
				GCC_NO_COMMON_BLOCKS = YES;
				GCC_OPTIMIZATION_LEVEL = 0;
				GCC_PREPROCESSOR_DEFINITIONS = (
					"DEBUG=1",
					"$(inherited)",
				);
				GCC_WARN_64_TO_32_BIT_CONVERSION = YES;
				GCC_WARN_ABOUT_RETURN_TYPE = YES_ERROR;
				GCC_WARN_UNDECLARED_SELECTOR = YES;
				GCC_WARN_UNINITIALIZED_AUTOS = YES_AGGRESSIVE;
				GCC_WARN_UNUSED_FUNCTION = YES;
				GCC_WARN_UNUSED_VARIABLE = YES;
				IPHONEOS_DEPLOYMENT_TARGET = 14.5;
				MTL_ENABLE_DEBUG_INFO = INCLUDE_SOURCE;
				MTL_FAST_MATH = YES;
				ONLY_ACTIVE_ARCH = YES;
				SDKROOT = iphoneos;
				SWIFT_ACTIVE_COMPILATION_CONDITIONS = DEBUG;
				SWIFT_OPTIMIZATION_LEVEL = "-Onone";
			};
			name = Debug;
		};
		8982952E26EEBB4800B75BFE /* Release */ = {
			isa = XCBuildConfiguration;
			buildSettings = {
				ALWAYS_SEARCH_USER_PATHS = NO;
				CLANG_ANALYZER_NONNULL = YES;
				CLANG_ANALYZER_NUMBER_OBJECT_CONVERSION = YES_AGGRESSIVE;
				CLANG_CXX_LANGUAGE_STANDARD = "gnu++14";
				CLANG_CXX_LIBRARY = "libc++";
				CLANG_ENABLE_MODULES = YES;
				CLANG_ENABLE_OBJC_ARC = YES;
				CLANG_ENABLE_OBJC_WEAK = YES;
				CLANG_WARN_BLOCK_CAPTURE_AUTORELEASING = YES;
				CLANG_WARN_BOOL_CONVERSION = YES;
				CLANG_WARN_COMMA = YES;
				CLANG_WARN_CONSTANT_CONVERSION = YES;
				CLANG_WARN_DEPRECATED_OBJC_IMPLEMENTATIONS = YES;
				CLANG_WARN_DIRECT_OBJC_ISA_USAGE = YES_ERROR;
				CLANG_WARN_DOCUMENTATION_COMMENTS = YES;
				CLANG_WARN_EMPTY_BODY = YES;
				CLANG_WARN_ENUM_CONVERSION = YES;
				CLANG_WARN_INFINITE_RECURSION = YES;
				CLANG_WARN_INT_CONVERSION = YES;
				CLANG_WARN_NON_LITERAL_NULL_CONVERSION = YES;
				CLANG_WARN_OBJC_IMPLICIT_RETAIN_SELF = YES;
				CLANG_WARN_OBJC_LITERAL_CONVERSION = YES;
				CLANG_WARN_OBJC_ROOT_CLASS = YES_ERROR;
				CLANG_WARN_QUOTED_INCLUDE_IN_FRAMEWORK_HEADER = YES;
				CLANG_WARN_RANGE_LOOP_ANALYSIS = YES;
				CLANG_WARN_STRICT_PROTOTYPES = YES;
				CLANG_WARN_SUSPICIOUS_MOVE = YES;
				CLANG_WARN_UNGUARDED_AVAILABILITY = YES_AGGRESSIVE;
				CLANG_WARN_UNREACHABLE_CODE = YES;
				CLANG_WARN__DUPLICATE_METHOD_MATCH = YES;
				COPY_PHASE_STRIP = NO;
				DEBUG_INFORMATION_FORMAT = "dwarf-with-dsym";
				ENABLE_NS_ASSERTIONS = NO;
				ENABLE_STRICT_OBJC_MSGSEND = YES;
				GCC_C_LANGUAGE_STANDARD = gnu11;
				GCC_NO_COMMON_BLOCKS = YES;
				GCC_WARN_64_TO_32_BIT_CONVERSION = YES;
				GCC_WARN_ABOUT_RETURN_TYPE = YES_ERROR;
				GCC_WARN_UNDECLARED_SELECTOR = YES;
				GCC_WARN_UNINITIALIZED_AUTOS = YES_AGGRESSIVE;
				GCC_WARN_UNUSED_FUNCTION = YES;
				GCC_WARN_UNUSED_VARIABLE = YES;
				IPHONEOS_DEPLOYMENT_TARGET = 14.5;
				MTL_ENABLE_DEBUG_INFO = NO;
				MTL_FAST_MATH = YES;
				SDKROOT = iphoneos;
				SWIFT_COMPILATION_MODE = wholemodule;
				SWIFT_OPTIMIZATION_LEVEL = "-O";
				VALIDATE_PRODUCT = YES;
			};
			name = Release;
		};
		8982953026EEBB4800B75BFE /* Debug */ = {
			isa = XCBuildConfiguration;
			buildSettings = {
				ASSETCATALOG_COMPILER_APPICON_NAME = AppIcon;
				ASSETCATALOG_COMPILER_GLOBAL_ACCENT_COLOR_NAME = AccentColor;
				CODE_SIGN_STYLE = Automatic;
				DEVELOPMENT_TEAM = 7UW5874D4F;
				INFOPLIST_FILE = XyloSoundTest/Info.plist;
				LD_RUNPATH_SEARCH_PATHS = (
					"$(inherited)",
					"@executable_path/Frameworks",
				);
				PRODUCT_BUNDLE_IDENTIFIER = com.thaisrfernandes.XyloSoundTest;
				PRODUCT_NAME = "$(TARGET_NAME)";
				SWIFT_VERSION = 5.0;
				TARGETED_DEVICE_FAMILY = "1,2";
			};
			name = Debug;
		};
		8982953126EEBB4800B75BFE /* Release */ = {
			isa = XCBuildConfiguration;
			buildSettings = {
				ASSETCATALOG_COMPILER_APPICON_NAME = AppIcon;
				ASSETCATALOG_COMPILER_GLOBAL_ACCENT_COLOR_NAME = AccentColor;
				CODE_SIGN_STYLE = Automatic;
				DEVELOPMENT_TEAM = 7UW5874D4F;
				INFOPLIST_FILE = XyloSoundTest/Info.plist;
				LD_RUNPATH_SEARCH_PATHS = (
					"$(inherited)",
					"@executable_path/Frameworks",
				);
				PRODUCT_BUNDLE_IDENTIFIER = com.thaisrfernandes.XyloSoundTest;
				PRODUCT_NAME = "$(TARGET_NAME)";
				SWIFT_VERSION = 5.0;
				TARGETED_DEVICE_FAMILY = "1,2";
			};
			name = Release;
		};
/* End XCBuildConfiguration section */

/* Begin XCConfigurationList section */
		8982951526EEBB4600B75BFE /* Build configuration list for PBXProject "XyloSoundTest" */ = {
			isa = XCConfigurationList;
			buildConfigurations = (
				8982952D26EEBB4800B75BFE /* Debug */,
				8982952E26EEBB4800B75BFE /* Release */,
			);
			defaultConfigurationIsVisible = 0;
			defaultConfigurationName = Release;
		};
		8982952F26EEBB4800B75BFE /* Build configuration list for PBXNativeTarget "XyloSoundTest" */ = {
			isa = XCConfigurationList;
			buildConfigurations = (
				8982953026EEBB4800B75BFE /* Debug */,
				8982953126EEBB4800B75BFE /* Release */,
			);
			defaultConfigurationIsVisible = 0;
			defaultConfigurationName = Release;
		};
/* End XCConfigurationList section */
	};
	rootObject = 8982951226EEBB4600B75BFE /* Project object */;
}
